
Microsoft Visual Studio Solution File, Format Version 12.00
# Visual Studio Version 17
VisualStudioVersion = 17.0.32112.339
MinimumVisualStudioVersion = 10.0.40219.1
Project("{9A19103F-16F7-4668-BE54-9A1E7A4F7556}") = "BUTR.Authentication.NexusMods", "BUTR.Authentication.NexusMods\BUTR.Authentication.NexusMods.csproj", "{BA06F337-10C1-4B6A-963A-0D24E48432DB}"
EndProject
Project("{2150E333-8FDC-42A3-9474-1A3956D46DE8}") = "root", "root", "{9EBE3B44-A7EA-4B21-9678-6A86391C834A}"
EndProject
Project("{2150E333-8FDC-42A3-9474-1A3956D46DE8}") = "src", "src", "{BAA7B53E-FBF7-4F9B-AE7E-A97F1535614C}"
EndProject
Project("{2150E333-8FDC-42A3-9474-1A3956D46DE8}") = "workflows", "workflows", "{AE631710-D46F-4A38-B566-DD216D3F141F}"
	ProjectSection(SolutionItems) = preProject
		..\.github\workflows\dotnet-format-daily.yml = ..\.github\workflows\dotnet-format-daily.yml
		..\.github\workflows\publish.yml = ..\.github\workflows\publish.yml
	EndProjectSection
EndProject
Global
	GlobalSection(SolutionConfigurationPlatforms) = preSolution
		Debug|Any CPU = Debug|Any CPU
		Release|Any CPU = Release|Any CPU
	EndGlobalSection
	GlobalSection(ProjectConfigurationPlatforms) = postSolution
		{BA06F337-10C1-4B6A-963A-0D24E48432DB}.Debug|Any CPU.ActiveCfg = Debug|Any CPU
		{BA06F337-10C1-4B6A-963A-0D24E48432DB}.Debug|Any CPU.Build.0 = Debug|Any CPU
		{BA06F337-10C1-4B6A-963A-0D24E48432DB}.Release|Any CPU.ActiveCfg = Release|Any CPU
		{BA06F337-10C1-4B6A-963A-0D24E48432DB}.Release|Any CPU.Build.0 = Release|Any CPU
	EndGlobalSection
	GlobalSection(SolutionProperties) = preSolution
		HideSolutionNode = FALSE
	EndGlobalSection
	GlobalSection(NestedProjects) = preSolution
		{BA06F337-10C1-4B6A-963A-0D24E48432DB} = {BAA7B53E-FBF7-4F9B-AE7E-A97F1535614C}
		{BAA7B53E-FBF7-4F9B-AE7E-A97F1535614C} = {9EBE3B44-A7EA-4B21-9678-6A86391C834A}
		{AE631710-D46F-4A38-B566-DD216D3F141F} = {9EBE3B44-A7EA-4B21-9678-6A86391C834A}
	EndGlobalSection
	GlobalSection(ExtensibilityGlobals) = postSolution
		SolutionGuid = {91BCDBE4-F916-4E7E-8A65-AD4D4CACE231}
	EndGlobalSection
EndGlobal
